
Microsoft Visual Studio Solution File, Format Version 12.00
# Visual Studio Version 17
VisualStudioVersion = 17.7.34221.43
MinimumVisualStudioVersion = 10.0.40219.1
Project("{FAE04EC0-301F-11D3-BF4B-00C04F79EFBC}") = "FileUploadDownload", "FileUploadDownload\FileUploadDownload.csproj", "{9F8E090B-AAA4-41DC-B3EA-B4C18B5BEC20}"
EndProject
Global
	GlobalSection(SolutionConfigurationPlatforms) = preSolution
		Debug|Any CPU = Debug|Any CPU
		Release|Any CPU = Release|Any CPU
	EndGlobalSection
	GlobalSection(ProjectConfigurationPlatforms) = postSolution
		{9F8E090B-AAA4-41DC-B3EA-B4C18B5BEC20}.Debug|Any CPU.ActiveCfg = Debug|Any CPU
		{9F8E090B-AAA4-41DC-B3EA-B4C18B5BEC20}.Debug|Any CPU.Build.0 = Debug|Any CPU
		{9F8E090B-AAA4-41DC-B3EA-B4C18B5BEC20}.Release|Any CPU.ActiveCfg = Release|Any CPU
		{9F8E090B-AAA4-41DC-B3EA-B4C18B5BEC20}.Release|Any CPU.Build.0 = Release|Any CPU
	EndGlobalSection
	GlobalSection(SolutionProperties) = preSolution
		HideSolutionNode = FALSE
	EndGlobalSection
	GlobalSection(ExtensibilityGlobals) = postSolution
		SolutionGuid = {D1A03A06-262B-4B66-8FD8-6CB2571FD128}
	EndGlobalSection
EndGlobal
